
Microsoft Visual Studio Solution File, Format Version 12.00
# Visual Studio 15
VisualStudioVersion = 15.0.26228.9
MinimumVisualStudioVersion = 10.0.40219.1
Project("{FAE04EC0-301F-11D3-BF4B-00C04F79EFBC}") = "cinefilos", "cinefilos\cinefilos.csproj", "{7AC68BDA-E64D-482F-8EDD-F2B4070E951F}"
EndProject
Project("{FAE04EC0-301F-11D3-BF4B-00C04F79EFBC}") = "cinefilos.Testes", "cinefilos.Testes\cinefilos.Testes.csproj", "{3F0F3090-C813-4766-8F08-651749CC84D9}"
EndProject
Global
	GlobalSection(SolutionConfigurationPlatforms) = preSolution
		Debug|Any CPU = Debug|Any CPU
		Release|Any CPU = Release|Any CPU
	EndGlobalSection
	GlobalSection(ProjectConfigurationPlatforms) = postSolution
		{7AC68BDA-E64D-482F-8EDD-F2B4070E951F}.Debug|Any CPU.ActiveCfg = Debug|Any CPU
		{7AC68BDA-E64D-482F-8EDD-F2B4070E951F}.Debug|Any CPU.Build.0 = Debug|Any CPU
		{7AC68BDA-E64D-482F-8EDD-F2B4070E951F}.Release|Any CPU.ActiveCfg = Release|Any CPU
		{7AC68BDA-E64D-482F-8EDD-F2B4070E951F}.Release|Any CPU.Build.0 = Release|Any CPU
		{3F0F3090-C813-4766-8F08-651749CC84D9}.Debug|Any CPU.ActiveCfg = Debug|Any CPU
		{3F0F3090-C813-4766-8F08-651749CC84D9}.Debug|Any CPU.Build.0 = Debug|Any CPU
		{3F0F3090-C813-4766-8F08-651749CC84D9}.Release|Any CPU.ActiveCfg = Release|Any CPU
		{3F0F3090-C813-4766-8F08-651749CC84D9}.Release|Any CPU.Build.0 = Release|Any CPU
	EndGlobalSection
	GlobalSection(SolutionProperties) = preSolution
		HideSolutionNode = FALSE
	EndGlobalSection
EndGlobal
